
Microsoft Visual Studio Solution File, Format Version 12.00
# Visual Studio Version 17
VisualStudioVersion = 17.6.33829.357
MinimumVisualStudioVersion = 10.0.40219.1
Project("{9A19103F-16F7-4668-BE54-9A1E7A4F7556}") = "SOAPServer", "SOAPServer\SOAPServer.csproj", "{B231871C-37DF-4CA2-89F8-D646525329E8}"
EndProject
Project("{2150E333-8FDC-42A3-9474-1A3956D46DE8}") = "SOAP", "SOAP", "{B9D7CEAC-701A-4EBB-A412-B95DBDD7B2DE}"
	ProjectSection(SolutionItems) = preProject
		SOAPReadme.md = SOAPReadme.md
	EndProjectSection
EndProject
Project("{2150E333-8FDC-42A3-9474-1A3956D46DE8}") = "REST", "REST", "{CDFB3A17-2F99-415F-AD9A-E295A7C5D839}"
	ProjectSection(SolutionItems) = preProject
		RESTReadme.md = RESTReadme.md
	EndProjectSection
EndProject
Project("{9A19103F-16F7-4668-BE54-9A1E7A4F7556}") = "RESTServer", "RESTServer\RESTServer.csproj", "{4AB0A4AB-15EF-4500-A324-9820B541CB2B}"
EndProject
Project("{2150E333-8FDC-42A3-9474-1A3956D46DE8}") = "Shared", "Shared", "{E33B8BFB-A8D2-4654-8ABD-8392F108C3A4}"
EndProject
Project("{9A19103F-16F7-4668-BE54-9A1E7A4F7556}") = "Protocols.Common", "Protocols.Common\Protocols.Common.csproj", "{84508BD7-6BA0-4611-9A8A-B2877BFE4CA8}"
EndProject
Project("{9A19103F-16F7-4668-BE54-9A1E7A4F7556}") = "RESTClient", "RESTClient\RESTClient.csproj", "{88B0EC58-2746-45B2-AB7D-A03006F79A14}"
EndProject
Project("{2150E333-8FDC-42A3-9474-1A3956D46DE8}") = "MQTT", "MQTT", "{D60AC716-0052-4C66-8E07-BFFC00440A81}"
	ProjectSection(SolutionItems) = preProject
		MQTTReadme.md = MQTTReadme.md
	EndProjectSection
EndProject
Project("{9A19103F-16F7-4668-BE54-9A1E7A4F7556}") = "MQTTServer", "MQTTServer\MQTTServer.csproj", "{239CE6BD-D843-47B2-BF5C-3739F019DBB5}"
EndProject
Project("{9A19103F-16F7-4668-BE54-9A1E7A4F7556}") = "MQTTClient", "MQTTClient\MQTTClient.csproj", "{29F313CB-0662-4F6F-B69B-F381C55B2370}"
EndProject
Project("{2150E333-8FDC-42A3-9474-1A3956D46DE8}") = "Webhooks", "Webhooks", "{03E3EB5C-F8F8-4F71-873D-53DAB2950626}"
	ProjectSection(SolutionItems) = preProject
		WebhookReadme.md = WebhookReadme.md
	EndProjectSection
EndProject
Project("{FAE04EC0-301F-11D3-BF4B-00C04F79EFBC}") = "WebhookSender", "WebhookSender\WebhookSender.csproj", "{1795DE84-BD33-4D91-8D07-2990BA4FCCA9}"
EndProject
Project("{2150E333-8FDC-42A3-9474-1A3956D46DE8}") = "WebSocket", "WebSocket", "{66D21661-8DD4-4698-9BAA-1C2C35CC8F73}"
	ProjectSection(SolutionItems) = preProject
		WebSocketReadme.md = WebSocketReadme.md
	EndProjectSection
EndProject
Project("{FAE04EC0-301F-11D3-BF4B-00C04F79EFBC}") = "WebSocketServer", "WebSocketServer\WebSocketServer.csproj", "{41B5979E-CD74-4261-A6C5-203241BEE4C4}"
EndProject
Project("{FAE04EC0-301F-11D3-BF4B-00C04F79EFBC}") = "WebSocketClient", "WebSocketClient\WebSocketClient.csproj", "{A00396FA-8CAF-4C4B-989D-B19ADE497FE7}"
EndProject
Global
	GlobalSection(SolutionConfigurationPlatforms) = preSolution
		Debug|Any CPU = Debug|Any CPU
		Release|Any CPU = Release|Any CPU
	EndGlobalSection
	GlobalSection(ProjectConfigurationPlatforms) = postSolution
		{B231871C-37DF-4CA2-89F8-D646525329E8}.Debug|Any CPU.ActiveCfg = Debug|Any CPU
		{B231871C-37DF-4CA2-89F8-D646525329E8}.Debug|Any CPU.Build.0 = Debug|Any CPU
		{B231871C-37DF-4CA2-89F8-D646525329E8}.Release|Any CPU.ActiveCfg = Release|Any CPU
		{B231871C-37DF-4CA2-89F8-D646525329E8}.Release|Any CPU.Build.0 = Release|Any CPU
		{4AB0A4AB-15EF-4500-A324-9820B541CB2B}.Debug|Any CPU.ActiveCfg = Debug|Any CPU
		{4AB0A4AB-15EF-4500-A324-9820B541CB2B}.Debug|Any CPU.Build.0 = Debug|Any CPU
		{4AB0A4AB-15EF-4500-A324-9820B541CB2B}.Release|Any CPU.ActiveCfg = Release|Any CPU
		{4AB0A4AB-15EF-4500-A324-9820B541CB2B}.Release|Any CPU.Build.0 = Release|Any CPU
		{84508BD7-6BA0-4611-9A8A-B2877BFE4CA8}.Debug|Any CPU.ActiveCfg = Debug|Any CPU
		{84508BD7-6BA0-4611-9A8A-B2877BFE4CA8}.Debug|Any CPU.Build.0 = Debug|Any CPU
		{84508BD7-6BA0-4611-9A8A-B2877BFE4CA8}.Release|Any CPU.ActiveCfg = Release|Any CPU
		{84508BD7-6BA0-4611-9A8A-B2877BFE4CA8}.Release|Any CPU.Build.0 = Release|Any CPU
		{88B0EC58-2746-45B2-AB7D-A03006F79A14}.Debug|Any CPU.ActiveCfg = Debug|Any CPU
		{88B0EC58-2746-45B2-AB7D-A03006F79A14}.Debug|Any CPU.Build.0 = Debug|Any CPU
		{88B0EC58-2746-45B2-AB7D-A03006F79A14}.Release|Any CPU.ActiveCfg = Release|Any CPU
		{88B0EC58-2746-45B2-AB7D-A03006F79A14}.Release|Any CPU.Build.0 = Release|Any CPU
		{239CE6BD-D843-47B2-BF5C-3739F019DBB5}.Debug|Any CPU.ActiveCfg = Debug|Any CPU
		{239CE6BD-D843-47B2-BF5C-3739F019DBB5}.Debug|Any CPU.Build.0 = Debug|Any CPU
		{239CE6BD-D843-47B2-BF5C-3739F019DBB5}.Release|Any CPU.ActiveCfg = Release|Any CPU
		{239CE6BD-D843-47B2-BF5C-3739F019DBB5}.Release|Any CPU.Build.0 = Release|Any CPU
		{29F313CB-0662-4F6F-B69B-F381C55B2370}.Debug|Any CPU.ActiveCfg = Debug|Any CPU
		{29F313CB-0662-4F6F-B69B-F381C55B2370}.Debug|Any CPU.Build.0 = Debug|Any CPU
		{29F313CB-0662-4F6F-B69B-F381C55B2370}.Release|Any CPU.ActiveCfg = Release|Any CPU
		{29F313CB-0662-4F6F-B69B-F381C55B2370}.Release|Any CPU.Build.0 = Release|Any CPU
		{1795DE84-BD33-4D91-8D07-2990BA4FCCA9}.Debug|Any CPU.ActiveCfg = Debug|Any CPU
		{1795DE84-BD33-4D91-8D07-2990BA4FCCA9}.Debug|Any CPU.Build.0 = Debug|Any CPU
		{1795DE84-BD33-4D91-8D07-2990BA4FCCA9}.Release|Any CPU.ActiveCfg = Release|Any CPU
		{1795DE84-BD33-4D91-8D07-2990BA4FCCA9}.Release|Any CPU.Build.0 = Release|Any CPU
		{41B5979E-CD74-4261-A6C5-203241BEE4C4}.Debug|Any CPU.ActiveCfg = Debug|Any CPU
		{41B5979E-CD74-4261-A6C5-203241BEE4C4}.Debug|Any CPU.Build.0 = Debug|Any CPU
		{41B5979E-CD74-4261-A6C5-203241BEE4C4}.Release|Any CPU.ActiveCfg = Release|Any CPU
		{41B5979E-CD74-4261-A6C5-203241BEE4C4}.Release|Any CPU.Build.0 = Release|Any CPU
		{A00396FA-8CAF-4C4B-989D-B19ADE497FE7}.Debug|Any CPU.ActiveCfg = Debug|Any CPU
		{A00396FA-8CAF-4C4B-989D-B19ADE497FE7}.Debug|Any CPU.Build.0 = Debug|Any CPU
		{A00396FA-8CAF-4C4B-989D-B19ADE497FE7}.Release|Any CPU.ActiveCfg = Release|Any CPU
		{A00396FA-8CAF-4C4B-989D-B19ADE497FE7}.Release|Any CPU.Build.0 = Release|Any CPU
	EndGlobalSection
	GlobalSection(SolutionProperties) = preSolution
		HideSolutionNode = FALSE
	EndGlobalSection
	GlobalSection(NestedProjects) = preSolution
		{B231871C-37DF-4CA2-89F8-D646525329E8} = {B9D7CEAC-701A-4EBB-A412-B95DBDD7B2DE}
		{4AB0A4AB-15EF-4500-A324-9820B541CB2B} = {CDFB3A17-2F99-415F-AD9A-E295A7C5D839}
		{84508BD7-6BA0-4611-9A8A-B2877BFE4CA8} = {E33B8BFB-A8D2-4654-8ABD-8392F108C3A4}
		{88B0EC58-2746-45B2-AB7D-A03006F79A14} = {CDFB3A17-2F99-415F-AD9A-E295A7C5D839}
		{239CE6BD-D843-47B2-BF5C-3739F019DBB5} = {D60AC716-0052-4C66-8E07-BFFC00440A81}
		{29F313CB-0662-4F6F-B69B-F381C55B2370} = {D60AC716-0052-4C66-8E07-BFFC00440A81}
		{1795DE84-BD33-4D91-8D07-2990BA4FCCA9} = {03E3EB5C-F8F8-4F71-873D-53DAB2950626}
		{41B5979E-CD74-4261-A6C5-203241BEE4C4} = {66D21661-8DD4-4698-9BAA-1C2C35CC8F73}
		{A00396FA-8CAF-4C4B-989D-B19ADE497FE7} = {66D21661-8DD4-4698-9BAA-1C2C35CC8F73}
	EndGlobalSection
	GlobalSection(ExtensibilityGlobals) = postSolution
		SolutionGuid = {3BB55375-900A-41C6-B26F-D9670027968F}
	EndGlobalSection
EndGlobal
